
Microsoft Visual Studio Solution File, Format Version 12.00
# Visual Studio 15
VisualStudioVersion = 15.0.27130.2020
MinimumVisualStudioVersion = 10.0.40219.1
Project("{888888A0-9F3D-457C-B088-3A5042F75D52}") = "synefind", "synefind.pyproj", "{173E7876-C71C-4E3B-9DE9-292F296A4484}"
EndProject
Global
	GlobalSection(SolutionConfigurationPlatforms) = preSolution
		Debug|Any CPU = Debug|Any CPU
		Release|Any CPU = Release|Any CPU
	EndGlobalSection
	GlobalSection(ProjectConfigurationPlatforms) = postSolution
		{173E7876-C71C-4E3B-9DE9-292F296A4484}.Debug|Any CPU.ActiveCfg = Debug|Any CPU
		{173E7876-C71C-4E3B-9DE9-292F296A4484}.Release|Any CPU.ActiveCfg = Release|Any CPU
	EndGlobalSection
	GlobalSection(SolutionProperties) = preSolution
		HideSolutionNode = FALSE
	EndGlobalSection
	GlobalSection(ExtensibilityGlobals) = postSolution
		SolutionGuid = {F1E2A57B-B32A-4F5E-8CA5-3D44E07AA150}
	EndGlobalSection
EndGlobal
